
Microsoft Visual Studio Solution File, Format Version 12.00
# Visual Studio Version 17
VisualStudioVersion = 17.5.33516.290
MinimumVisualStudioVersion = 10.0.40219.1
Project("{9A19103F-16F7-4668-BE54-9A1E7A4F7556}") = "EComm", "EComm.csproj", "{F1C362C7-0DA2-448B-950F-BF4A6CAF3ACA}"
EndProject
Project("{FAE04EC0-301F-11D3-BF4B-00C04F79EFBC}") = "BusinessLogicLayer", "..\BusinessLogicLayer\BusinessLogicLayer.csproj", "{CB59EA12-4DB7-40C2-9297-2043D682D893}"
EndProject
Project("{FAE04EC0-301F-11D3-BF4B-00C04F79EFBC}") = "DataAccessLayer", "..\DataAccessLayer\DataAccessLayer.csproj", "{E977808F-D35F-4602-9D56-61C68F2D9864}"
EndProject
Global
	GlobalSection(SolutionConfigurationPlatforms) = preSolution
		Debug|Any CPU = Debug|Any CPU
		Release|Any CPU = Release|Any CPU
	EndGlobalSection
	GlobalSection(ProjectConfigurationPlatforms) = postSolution
		{F1C362C7-0DA2-448B-950F-BF4A6CAF3ACA}.Debug|Any CPU.ActiveCfg = Debug|Any CPU
		{F1C362C7-0DA2-448B-950F-BF4A6CAF3ACA}.Debug|Any CPU.Build.0 = Debug|Any CPU
		{F1C362C7-0DA2-448B-950F-BF4A6CAF3ACA}.Release|Any CPU.ActiveCfg = Release|Any CPU
		{F1C362C7-0DA2-448B-950F-BF4A6CAF3ACA}.Release|Any CPU.Build.0 = Release|Any CPU
		{CB59EA12-4DB7-40C2-9297-2043D682D893}.Debug|Any CPU.ActiveCfg = Debug|Any CPU
		{CB59EA12-4DB7-40C2-9297-2043D682D893}.Debug|Any CPU.Build.0 = Debug|Any CPU
		{CB59EA12-4DB7-40C2-9297-2043D682D893}.Release|Any CPU.ActiveCfg = Release|Any CPU
		{CB59EA12-4DB7-40C2-9297-2043D682D893}.Release|Any CPU.Build.0 = Release|Any CPU
		{E977808F-D35F-4602-9D56-61C68F2D9864}.Debug|Any CPU.ActiveCfg = Debug|Any CPU
		{E977808F-D35F-4602-9D56-61C68F2D9864}.Debug|Any CPU.Build.0 = Debug|Any CPU
		{E977808F-D35F-4602-9D56-61C68F2D9864}.Release|Any CPU.ActiveCfg = Release|Any CPU
		{E977808F-D35F-4602-9D56-61C68F2D9864}.Release|Any CPU.Build.0 = Release|Any CPU
	EndGlobalSection
	GlobalSection(SolutionProperties) = preSolution
		HideSolutionNode = FALSE
	EndGlobalSection
	GlobalSection(ExtensibilityGlobals) = postSolution
		SolutionGuid = {562D50F2-3225-46A7-BE66-A5E2EA043F85}
	EndGlobalSection
EndGlobal
